
Microsoft Visual Studio Solution File, Format Version 11.00
# Visual Studio 2010
Project("{CC5FD16D-436D-48AD-A40C-5A424C6E3E79}") = "CappedExponentialBackOff", "CappedExponentialBackOff\CappedExponentialBackOff.ccproj", "{4CE98ED9-9C4A-4FD1-88E2-27DE0AAB3A51}"
EndProject
Project("{FAE04EC0-301F-11D3-BF4B-00C04F79EFBC}") = "ExampleRole", "ExampleRole\ExampleRole.csproj", "{A781B075-0FC4-42FB-B69D-8CD49C1CE605}"
EndProject
Global
	GlobalSection(SolutionConfigurationPlatforms) = preSolution
		Debug|Any CPU = Debug|Any CPU
		Release|Any CPU = Release|Any CPU
	EndGlobalSection
	GlobalSection(ProjectConfigurationPlatforms) = postSolution
		{4CE98ED9-9C4A-4FD1-88E2-27DE0AAB3A51}.Debug|Any CPU.ActiveCfg = Debug|Any CPU
		{4CE98ED9-9C4A-4FD1-88E2-27DE0AAB3A51}.Debug|Any CPU.Build.0 = Debug|Any CPU
		{4CE98ED9-9C4A-4FD1-88E2-27DE0AAB3A51}.Release|Any CPU.ActiveCfg = Release|Any CPU
		{4CE98ED9-9C4A-4FD1-88E2-27DE0AAB3A51}.Release|Any CPU.Build.0 = Release|Any CPU
		{A781B075-0FC4-42FB-B69D-8CD49C1CE605}.Debug|Any CPU.ActiveCfg = Debug|Any CPU
		{A781B075-0FC4-42FB-B69D-8CD49C1CE605}.Debug|Any CPU.Build.0 = Debug|Any CPU
		{A781B075-0FC4-42FB-B69D-8CD49C1CE605}.Release|Any CPU.ActiveCfg = Release|Any CPU
		{A781B075-0FC4-42FB-B69D-8CD49C1CE605}.Release|Any CPU.Build.0 = Release|Any CPU
	EndGlobalSection
	GlobalSection(SolutionProperties) = preSolution
		HideSolutionNode = FALSE
	EndGlobalSection
EndGlobal
